
Microsoft Visual Studio Solution File, Format Version 12.00
# Visual Studio Version 17
VisualStudioVersion = 17.10.35004.147
MinimumVisualStudioVersion = 10.0.40219.1
Project("{2150E333-8FDC-42A3-9474-1A3956D46DE8}") = "src", "src", "{634BC861-7A44-408D-98C5-401D8CA5E150}"
EndProject
Project("{2150E333-8FDC-42A3-9474-1A3956D46DE8}") = "test", "test", "{0D22D7DD-F90F-4B7D-9D90-31E6A1395B78}"
EndProject
Project("{2150E333-8FDC-42A3-9474-1A3956D46DE8}") = "Core", "Core", "{1BAE4EA0-305B-49BB-B1BD-A09029EEF88D}"
EndProject
Project("{2150E333-8FDC-42A3-9474-1A3956D46DE8}") = "infrastructure", "infrastructure", "{65EDF701-32C4-4F5B-9C43-60F822CFF6B7}"
EndProject
Project("{2150E333-8FDC-42A3-9474-1A3956D46DE8}") = "Presentation", "Presentation", "{39B70C8B-F76F-41FD-81C1-48CD4CCD6866}"
EndProject
Project("{9A19103F-16F7-4668-BE54-9A1E7A4F7556}") = "Luxedrive", "Luxedrive\Luxedrive.csproj", "{713F76C5-9390-4200-A276-733955D69E86}"
EndProject
Project("{9A19103F-16F7-4668-BE54-9A1E7A4F7556}") = "Luxedrive.Application", "Luxedrive.Application\Luxedrive.Application.csproj", "{F4261781-9D30-453F-BDD7-3CB1774681A1}"
EndProject
Project("{9A19103F-16F7-4668-BE54-9A1E7A4F7556}") = "Luxedrive.İnfrastructure", "Luxedrive.İnfrastructure\Luxedrive.İnfrastructure.csproj", "{D8136B8B-FB74-49FB-A12C-7CB42E5E57E1}"
EndProject
Project("{9A19103F-16F7-4668-BE54-9A1E7A4F7556}") = "Luxedrive.Persistance", "Luxedrive.Persistance\Luxedrive.Persistance.csproj", "{7D80F92E-2AF7-4558-AD6B-7D708DF7A0FB}"
EndProject
Project("{9A19103F-16F7-4668-BE54-9A1E7A4F7556}") = "Luxedrive.Domain", "Luxedrive.Domain\Luxedrive.Domain.csproj", "{E1347992-B589-47F1-8A2B-8A2ECC4C36FF}"
EndProject
Project("{2150E333-8FDC-42A3-9474-1A3956D46DE8}") = "Activictiy", "Activictiy", "{DCC044F2-E49C-4302-9453-AAFF4CC35B3D}"
EndProject
Project("{2150E333-8FDC-42A3-9474-1A3956D46DE8}") = "Contract", "Contract", "{9168DA3D-11EC-43EF-A658-52A5C804459B}"
EndProject
Project("{9A19103F-16F7-4668-BE54-9A1E7A4F7556}") = "Contracts", "Contracts\Contracts.csproj", "{BD4FFAF1-1311-43AA-BD39-AFCB338CA518}"
EndProject
Project("{2150E333-8FDC-42A3-9474-1A3956D46DE8}") = "src", "src", "{9729E4DE-0791-40DE-8658-E4E828AA96FE}"
EndProject
Project("{2150E333-8FDC-42A3-9474-1A3956D46DE8}") = "Core", "Core", "{5C551B4D-9301-4E77-AEAA-E8A88537E848}"
EndProject
Project("{2150E333-8FDC-42A3-9474-1A3956D46DE8}") = "infrastructure", "infrastructure", "{98D18C56-3A65-415D-9180-494EAB8C958B}"
EndProject
Project("{2150E333-8FDC-42A3-9474-1A3956D46DE8}") = "Presentation", "Presentation", "{2F4875DD-6849-4C33-876D-64F720E24DA9}"
EndProject
Project("{FAE04EC0-301F-11D3-BF4B-00C04F79EFBC}") = "ActivicityService", "Activictiy\src\Presentation\ActivicityService\ActivicityService.csproj", "{02AB3CD6-8794-4182-B9B2-9A4C3663D6D8}"
EndProject
Project("{FAE04EC0-301F-11D3-BF4B-00C04F79EFBC}") = "Activictiy.Persistance", "Activictiy\src\infrastructure\Activictiy.Persistance\Activictiy.Persistance.csproj", "{F6FB375E-395D-4A93-B87A-B777E2E92892}"
EndProject
Project("{FAE04EC0-301F-11D3-BF4B-00C04F79EFBC}") = "Activictiy.Infrastructure", "Activictiy\src\infrastructure\Activictiy.Infrastructure\Activictiy.Infrastructure.csproj", "{55ABA623-C93E-456B-99EB-6364466E8DB6}"
EndProject
Project("{FAE04EC0-301F-11D3-BF4B-00C04F79EFBC}") = "Activictiy.Domain", "Activictiy\src\Core\Activictiy.Domain\Activictiy.Domain.csproj", "{C19068A9-5F16-4B3A-AD63-6A5D2DAB15E6}"
EndProject
Project("{FAE04EC0-301F-11D3-BF4B-00C04F79EFBC}") = "Activictiy.Application", "Activictiy\src\Core\Activictiy.Application\Activictiy.Application.csproj", "{106BBBAF-679C-4A62-9EEB-9FE9A61ADA0D}"
EndProject
Global
	GlobalSection(SolutionConfigurationPlatforms) = preSolution
		Debug|Any CPU = Debug|Any CPU
		Release|Any CPU = Release|Any CPU
	EndGlobalSection
	GlobalSection(ProjectConfigurationPlatforms) = postSolution
		{713F76C5-9390-4200-A276-733955D69E86}.Debug|Any CPU.ActiveCfg = Debug|Any CPU
		{713F76C5-9390-4200-A276-733955D69E86}.Debug|Any CPU.Build.0 = Debug|Any CPU
		{713F76C5-9390-4200-A276-733955D69E86}.Release|Any CPU.ActiveCfg = Release|Any CPU
		{713F76C5-9390-4200-A276-733955D69E86}.Release|Any CPU.Build.0 = Release|Any CPU
		{F4261781-9D30-453F-BDD7-3CB1774681A1}.Debug|Any CPU.ActiveCfg = Debug|Any CPU
		{F4261781-9D30-453F-BDD7-3CB1774681A1}.Debug|Any CPU.Build.0 = Debug|Any CPU
		{F4261781-9D30-453F-BDD7-3CB1774681A1}.Release|Any CPU.ActiveCfg = Release|Any CPU
		{F4261781-9D30-453F-BDD7-3CB1774681A1}.Release|Any CPU.Build.0 = Release|Any CPU
		{D8136B8B-FB74-49FB-A12C-7CB42E5E57E1}.Debug|Any CPU.ActiveCfg = Debug|Any CPU
		{D8136B8B-FB74-49FB-A12C-7CB42E5E57E1}.Debug|Any CPU.Build.0 = Debug|Any CPU
		{D8136B8B-FB74-49FB-A12C-7CB42E5E57E1}.Release|Any CPU.ActiveCfg = Release|Any CPU
		{D8136B8B-FB74-49FB-A12C-7CB42E5E57E1}.Release|Any CPU.Build.0 = Release|Any CPU
		{7D80F92E-2AF7-4558-AD6B-7D708DF7A0FB}.Debug|Any CPU.ActiveCfg = Debug|Any CPU
		{7D80F92E-2AF7-4558-AD6B-7D708DF7A0FB}.Debug|Any CPU.Build.0 = Debug|Any CPU
		{7D80F92E-2AF7-4558-AD6B-7D708DF7A0FB}.Release|Any CPU.ActiveCfg = Release|Any CPU
		{7D80F92E-2AF7-4558-AD6B-7D708DF7A0FB}.Release|Any CPU.Build.0 = Release|Any CPU
		{E1347992-B589-47F1-8A2B-8A2ECC4C36FF}.Debug|Any CPU.ActiveCfg = Debug|Any CPU
		{E1347992-B589-47F1-8A2B-8A2ECC4C36FF}.Debug|Any CPU.Build.0 = Debug|Any CPU
		{E1347992-B589-47F1-8A2B-8A2ECC4C36FF}.Release|Any CPU.ActiveCfg = Release|Any CPU
		{E1347992-B589-47F1-8A2B-8A2ECC4C36FF}.Release|Any CPU.Build.0 = Release|Any CPU
		{BD4FFAF1-1311-43AA-BD39-AFCB338CA518}.Debug|Any CPU.ActiveCfg = Debug|Any CPU
		{BD4FFAF1-1311-43AA-BD39-AFCB338CA518}.Debug|Any CPU.Build.0 = Debug|Any CPU
		{BD4FFAF1-1311-43AA-BD39-AFCB338CA518}.Release|Any CPU.ActiveCfg = Release|Any CPU
		{BD4FFAF1-1311-43AA-BD39-AFCB338CA518}.Release|Any CPU.Build.0 = Release|Any CPU
		{02AB3CD6-8794-4182-B9B2-9A4C3663D6D8}.Debug|Any CPU.ActiveCfg = Debug|Any CPU
		{02AB3CD6-8794-4182-B9B2-9A4C3663D6D8}.Debug|Any CPU.Build.0 = Debug|Any CPU
		{02AB3CD6-8794-4182-B9B2-9A4C3663D6D8}.Release|Any CPU.ActiveCfg = Release|Any CPU
		{02AB3CD6-8794-4182-B9B2-9A4C3663D6D8}.Release|Any CPU.Build.0 = Release|Any CPU
		{F6FB375E-395D-4A93-B87A-B777E2E92892}.Debug|Any CPU.ActiveCfg = Debug|Any CPU
		{F6FB375E-395D-4A93-B87A-B777E2E92892}.Debug|Any CPU.Build.0 = Debug|Any CPU
		{F6FB375E-395D-4A93-B87A-B777E2E92892}.Release|Any CPU.ActiveCfg = Release|Any CPU
		{F6FB375E-395D-4A93-B87A-B777E2E92892}.Release|Any CPU.Build.0 = Release|Any CPU
		{55ABA623-C93E-456B-99EB-6364466E8DB6}.Debug|Any CPU.ActiveCfg = Debug|Any CPU
		{55ABA623-C93E-456B-99EB-6364466E8DB6}.Debug|Any CPU.Build.0 = Debug|Any CPU
		{55ABA623-C93E-456B-99EB-6364466E8DB6}.Release|Any CPU.ActiveCfg = Release|Any CPU
		{55ABA623-C93E-456B-99EB-6364466E8DB6}.Release|Any CPU.Build.0 = Release|Any CPU
		{C19068A9-5F16-4B3A-AD63-6A5D2DAB15E6}.Debug|Any CPU.ActiveCfg = Debug|Any CPU
		{C19068A9-5F16-4B3A-AD63-6A5D2DAB15E6}.Debug|Any CPU.Build.0 = Debug|Any CPU
		{C19068A9-5F16-4B3A-AD63-6A5D2DAB15E6}.Release|Any CPU.ActiveCfg = Release|Any CPU
		{C19068A9-5F16-4B3A-AD63-6A5D2DAB15E6}.Release|Any CPU.Build.0 = Release|Any CPU
		{106BBBAF-679C-4A62-9EEB-9FE9A61ADA0D}.Debug|Any CPU.ActiveCfg = Debug|Any CPU
		{106BBBAF-679C-4A62-9EEB-9FE9A61ADA0D}.Debug|Any CPU.Build.0 = Debug|Any CPU
		{106BBBAF-679C-4A62-9EEB-9FE9A61ADA0D}.Release|Any CPU.ActiveCfg = Release|Any CPU
		{106BBBAF-679C-4A62-9EEB-9FE9A61ADA0D}.Release|Any CPU.Build.0 = Release|Any CPU
	EndGlobalSection
	GlobalSection(SolutionProperties) = preSolution
		HideSolutionNode = FALSE
	EndGlobalSection
	GlobalSection(NestedProjects) = preSolution
		{1BAE4EA0-305B-49BB-B1BD-A09029EEF88D} = {634BC861-7A44-408D-98C5-401D8CA5E150}
		{65EDF701-32C4-4F5B-9C43-60F822CFF6B7} = {634BC861-7A44-408D-98C5-401D8CA5E150}
		{39B70C8B-F76F-41FD-81C1-48CD4CCD6866} = {634BC861-7A44-408D-98C5-401D8CA5E150}
		{713F76C5-9390-4200-A276-733955D69E86} = {39B70C8B-F76F-41FD-81C1-48CD4CCD6866}
		{F4261781-9D30-453F-BDD7-3CB1774681A1} = {1BAE4EA0-305B-49BB-B1BD-A09029EEF88D}
		{D8136B8B-FB74-49FB-A12C-7CB42E5E57E1} = {65EDF701-32C4-4F5B-9C43-60F822CFF6B7}
		{7D80F92E-2AF7-4558-AD6B-7D708DF7A0FB} = {65EDF701-32C4-4F5B-9C43-60F822CFF6B7}
		{E1347992-B589-47F1-8A2B-8A2ECC4C36FF} = {1BAE4EA0-305B-49BB-B1BD-A09029EEF88D}
		{BD4FFAF1-1311-43AA-BD39-AFCB338CA518} = {9168DA3D-11EC-43EF-A658-52A5C804459B}
		{9729E4DE-0791-40DE-8658-E4E828AA96FE} = {DCC044F2-E49C-4302-9453-AAFF4CC35B3D}
		{5C551B4D-9301-4E77-AEAA-E8A88537E848} = {9729E4DE-0791-40DE-8658-E4E828AA96FE}
		{98D18C56-3A65-415D-9180-494EAB8C958B} = {9729E4DE-0791-40DE-8658-E4E828AA96FE}
		{2F4875DD-6849-4C33-876D-64F720E24DA9} = {9729E4DE-0791-40DE-8658-E4E828AA96FE}
		{02AB3CD6-8794-4182-B9B2-9A4C3663D6D8} = {2F4875DD-6849-4C33-876D-64F720E24DA9}
		{F6FB375E-395D-4A93-B87A-B777E2E92892} = {98D18C56-3A65-415D-9180-494EAB8C958B}
		{55ABA623-C93E-456B-99EB-6364466E8DB6} = {98D18C56-3A65-415D-9180-494EAB8C958B}
		{C19068A9-5F16-4B3A-AD63-6A5D2DAB15E6} = {5C551B4D-9301-4E77-AEAA-E8A88537E848}
		{106BBBAF-679C-4A62-9EEB-9FE9A61ADA0D} = {5C551B4D-9301-4E77-AEAA-E8A88537E848}
	EndGlobalSection
	GlobalSection(ExtensibilityGlobals) = postSolution
		SolutionGuid = {2A8F63D2-1F0E-4D32-B6A5-C9509241475D}
	EndGlobalSection
EndGlobal
